
Microsoft Visual Studio Solution File, Format Version 12.00
Project("{FAE04EC0-301F-11D3-BF4B-00C04F79EFBC}") = "Test2", "Test2\Test2.csproj", "{51F6B024-E904-48C4-A2AC-0B2E48E42B62}"
EndProject
Global
	GlobalSection(SolutionConfigurationPlatforms) = preSolution
		Debug|Any CPU = Debug|Any CPU
		Release|Any CPU = Release|Any CPU
	EndGlobalSection
	GlobalSection(ProjectConfigurationPlatforms) = postSolution
		{51F6B024-E904-48C4-A2AC-0B2E48E42B62}.Debug|Any CPU.ActiveCfg = Debug|Any CPU
		{51F6B024-E904-48C4-A2AC-0B2E48E42B62}.Debug|Any CPU.Build.0 = Debug|Any CPU
		{51F6B024-E904-48C4-A2AC-0B2E48E42B62}.Release|Any CPU.ActiveCfg = Release|Any CPU
		{51F6B024-E904-48C4-A2AC-0B2E48E42B62}.Release|Any CPU.Build.0 = Release|Any CPU
	EndGlobalSection
EndGlobal
